
Microsoft Visual Studio Solution File, Format Version 12.00
# Visual Studio Version 17
VisualStudioVersion = 17.8.34408.163
MinimumVisualStudioVersion = 10.0.40219.1
Project("{9A19103F-16F7-4668-BE54-9A1E7A4F7556}") = "Installer", "Installer\Installer.csproj", "{F16A099C-FD45-4572-9F23-6E40D29AA233}"
	ProjectSection(ProjectDependencies) = postProject
		{FBD20D2E-5F77-4169-A724-958EA53B84F6} = {FBD20D2E-5F77-4169-A724-958EA53B84F6}
	EndProjectSection
EndProject
Project("{FAE04EC0-301F-11D3-BF4B-00C04F79EFBC}") = "NonlethalCompany", "NonlethalCompany\NonlethalCompany.csproj", "{FBD20D2E-5F77-4169-A724-958EA53B84F6}"
EndProject
Global
	GlobalSection(SolutionConfigurationPlatforms) = preSolution
		Debug|Any CPU = Debug|Any CPU
		Release|Any CPU = Release|Any CPU
	EndGlobalSection
	GlobalSection(ProjectConfigurationPlatforms) = postSolution
		{F16A099C-FD45-4572-9F23-6E40D29AA233}.Debug|Any CPU.ActiveCfg = Debug|Any CPU
		{F16A099C-FD45-4572-9F23-6E40D29AA233}.Debug|Any CPU.Build.0 = Debug|Any CPU
		{F16A099C-FD45-4572-9F23-6E40D29AA233}.Release|Any CPU.ActiveCfg = Release|Any CPU
		{F16A099C-FD45-4572-9F23-6E40D29AA233}.Release|Any CPU.Build.0 = Release|Any CPU
		{FBD20D2E-5F77-4169-A724-958EA53B84F6}.Debug|Any CPU.ActiveCfg = Debug|Any CPU
		{FBD20D2E-5F77-4169-A724-958EA53B84F6}.Debug|Any CPU.Build.0 = Debug|Any CPU
		{FBD20D2E-5F77-4169-A724-958EA53B84F6}.Release|Any CPU.ActiveCfg = Release|Any CPU
		{FBD20D2E-5F77-4169-A724-958EA53B84F6}.Release|Any CPU.Build.0 = Release|Any CPU
	EndGlobalSection
	GlobalSection(SolutionProperties) = preSolution
		HideSolutionNode = FALSE
	EndGlobalSection
	GlobalSection(ExtensibilityGlobals) = postSolution
		SolutionGuid = {EDC5AAC5-86F6-41A2-B533-E8892953F33C}
	EndGlobalSection
EndGlobal
